
Microsoft Visual Studio Solution File, Format Version 12.00
Project("{FAE04EC0-301F-11D3-BF4B-00C04F79EFBC}") = "HandleString", "HandleString\HandleString.csproj", "{7AA4F4F3-E429-4713-86A6-405F38F1E3B7}"
EndProject
Project("{FAE04EC0-301F-11D3-BF4B-00C04F79EFBC}") = "HandleString.Tests", "HandleString.Tests\HandleString.Tests.csproj", "{C3A62B43-2F90-4683-B25D-133B3A981046}"
EndProject
Global
	GlobalSection(SolutionConfigurationPlatforms) = preSolution
		Debug|Any CPU = Debug|Any CPU
		Release|Any CPU = Release|Any CPU
	EndGlobalSection
	GlobalSection(ProjectConfigurationPlatforms) = postSolution
		{7AA4F4F3-E429-4713-86A6-405F38F1E3B7}.Debug|Any CPU.ActiveCfg = Debug|Any CPU
		{7AA4F4F3-E429-4713-86A6-405F38F1E3B7}.Debug|Any CPU.Build.0 = Debug|Any CPU
		{7AA4F4F3-E429-4713-86A6-405F38F1E3B7}.Release|Any CPU.ActiveCfg = Release|Any CPU
		{7AA4F4F3-E429-4713-86A6-405F38F1E3B7}.Release|Any CPU.Build.0 = Release|Any CPU
		{C3A62B43-2F90-4683-B25D-133B3A981046}.Debug|Any CPU.ActiveCfg = Debug|Any CPU
		{C3A62B43-2F90-4683-B25D-133B3A981046}.Debug|Any CPU.Build.0 = Debug|Any CPU
		{C3A62B43-2F90-4683-B25D-133B3A981046}.Release|Any CPU.ActiveCfg = Release|Any CPU
		{C3A62B43-2F90-4683-B25D-133B3A981046}.Release|Any CPU.Build.0 = Release|Any CPU
	EndGlobalSection
EndGlobal
